
Microsoft Visual Studio Solution File, Format Version 12.00
# Visual Studio 15
VisualStudioVersion = 15.0.28010.2003
MinimumVisualStudioVersion = 10.0.40219.1
Project("{FAE04EC0-301F-11D3-BF4B-00C04F79EFBC}") = "Hello World app", "Hello World app\Hello World app.csproj", "{74318A84-3BF5-4EAE-8AB7-99B09D2F2D52}"
EndProject
Global
	GlobalSection(SolutionConfigurationPlatforms) = preSolution
		Debug|Any CPU = Debug|Any CPU
		Release|Any CPU = Release|Any CPU
	EndGlobalSection
	GlobalSection(ProjectConfigurationPlatforms) = postSolution
		{74318A84-3BF5-4EAE-8AB7-99B09D2F2D52}.Debug|Any CPU.ActiveCfg = Debug|Any CPU
		{74318A84-3BF5-4EAE-8AB7-99B09D2F2D52}.Debug|Any CPU.Build.0 = Debug|Any CPU
		{74318A84-3BF5-4EAE-8AB7-99B09D2F2D52}.Release|Any CPU.ActiveCfg = Release|Any CPU
		{74318A84-3BF5-4EAE-8AB7-99B09D2F2D52}.Release|Any CPU.Build.0 = Release|Any CPU
	EndGlobalSection
	GlobalSection(SolutionProperties) = preSolution
		HideSolutionNode = FALSE
	EndGlobalSection
	GlobalSection(ExtensibilityGlobals) = postSolution
		SolutionGuid = {D86A0C66-AA38-4851-814D-F4C71CDFBBC6}
	EndGlobalSection
EndGlobal
